
Microsoft Visual Studio Solution File, Format Version 12.00
# Visual Studio Version 17
VisualStudioVersion = 17.0.31903.59
MinimumVisualStudioVersion = 10.0.40219.1
Project("{2150E333-8FDC-42A3-9474-1A3956D46DE8}") = "src", "src", "{827E0CD3-B72D-47B6-A68D-7590B98EB39B}"
EndProject
Project("{FAE04EC0-301F-11D3-BF4B-00C04F79EFBC}") = "CalradiaForge.Sdk", "src\CalradiaForge.Sdk\CalradiaForge.Sdk.csproj", "{203058D9-F9E1-4B5C-92A3-5F41FBFF6C25}"
EndProject
Project("{FAE04EC0-301F-11D3-BF4B-00C04F79EFBC}") = "CalradiaForge.Core", "src\CalradiaForge.Core\CalradiaForge.Core.csproj", "{E373B500-B521-48A1-B98D-C73DC16E4FE1}"
EndProject
Project("{FAE04EC0-301F-11D3-BF4B-00C04F79EFBC}") = "CalradiaForge.Mod", "src\CalradiaForge.Mod\CalradiaForge.Mod.csproj", "{614FC5C9-50A5-4A93-A8E0-CEDF0E2549F5}"
EndProject
Project("{FAE04EC0-301F-11D3-BF4B-00C04F79EFBC}") = "CalradiaForge.Desktop", "src\CalradiaForge.Desktop\CalradiaForge.Desktop.csproj", "{3D572A51-4614-4F9B-B534-66CFD7C75816}"
EndProject
Project("{FAE04EC0-301F-11D3-BF4B-00C04F79EFBC}") = "CalradiaForge.Examples", "examples\CalradiaForge.Examples\CalradiaForge.Examples.csproj", "{B70556B0-0225-46B6-9741-6D6D31863422}"
EndProject
Project("{FAE04EC0-301F-11D3-BF4B-00C04F79EFBC}") = "CalradiaForge.Tests", "tests\CalradiaForge.Tests\CalradiaForge.Tests.csproj", "{0818D5C8-8339-44BF-8A0F-746359F69C58}"
EndProject
Project("{2150E333-8FDC-42A3-9474-1A3956D46DE8}") = "tests", "tests", "{0AB3BF05-4346-4AA6-1389-037BE0695223}"
EndProject
Project("{FAE04EC0-301F-11D3-BF4B-00C04F79EFBC}") = "CalradiaForge.Desktop.Tests", "tests\CalradiaForge.Desktop.Tests\CalradiaForge.Desktop.Tests.csproj", "{D15C8C05-6B14-47E5-8A74-2DE62E47719E}"
EndProject
Project("{2150E333-8FDC-42A3-9474-1A3956D46DE8}") = "examples", "examples", "{B36A84DF-456D-A817-6EDD-3EC3E7F6E11F}"
EndProject
Project("{FAE04EC0-301F-11D3-BF4B-00C04F79EFBC}") = "CalradiaForge.PriceContracts", "examples\CalradiaForge.PriceContracts\CalradiaForge.PriceContracts.csproj", "{CC8E92CA-5481-4D2C-B72F-9449ADECE2E9}"
EndProject
Project("{FAE04EC0-301F-11D3-BF4B-00C04F79EFBC}") = "CalradiaForge.PriceProvider", "examples\CalradiaForge.PriceProvider\CalradiaForge.PriceProvider.csproj", "{2488425F-25A6-4EA0-8F2E-FBF018C64692}"
EndProject
Project("{FAE04EC0-301F-11D3-BF4B-00C04F79EFBC}") = "CalradiaForge.PriceConsumer", "examples\CalradiaForge.PriceConsumer\CalradiaForge.PriceConsumer.csproj", "{380C9699-4F5A-4B3B-8DC8-4CE327A0F714}"
EndProject
Project("{FAE04EC0-301F-11D3-BF4B-00C04F79EFBC}") = "CalradiaForge.Desktop.RenderTests", "tests\CalradiaForge.Desktop.RenderTests\CalradiaForge.Desktop.RenderTests.csproj", "{3588D48A-93E2-4346-B324-B95AC4B7860F}"
EndProject
Project("{FAE04EC0-301F-11D3-BF4B-00C04F79EFBC}") = "CalradiaForge.ForgeWeave.Tests", "tests\CalradiaForge.ForgeWeave.Tests\CalradiaForge.ForgeWeave.Tests.csproj", "{E598AC3B-50BC-412B-BE2C-7736AE8DE3AD}"
EndProject
Global
	GlobalSection(SolutionConfigurationPlatforms) = preSolution
		Debug|Any CPU = Debug|Any CPU
		Debug|x64 = Debug|x64
		Debug|x86 = Debug|x86
		Release|Any CPU = Release|Any CPU
		Release|x64 = Release|x64
		Release|x86 = Release|x86
	EndGlobalSection
	GlobalSection(ProjectConfigurationPlatforms) = postSolution
		{203058D9-F9E1-4B5C-92A3-5F41FBFF6C25}.Debug|Any CPU.ActiveCfg = Debug|Any CPU
		{203058D9-F9E1-4B5C-92A3-5F41FBFF6C25}.Debug|Any CPU.Build.0 = Debug|Any CPU
		{203058D9-F9E1-4B5C-92A3-5F41FBFF6C25}.Debug|x64.ActiveCfg = Debug|Any CPU
		{203058D9-F9E1-4B5C-92A3-5F41FBFF6C25}.Debug|x64.Build.0 = Debug|Any CPU
		{203058D9-F9E1-4B5C-92A3-5F41FBFF6C25}.Debug|x86.ActiveCfg = Debug|Any CPU
		{203058D9-F9E1-4B5C-92A3-5F41FBFF6C25}.Debug|x86.Build.0 = Debug|Any CPU
		{203058D9-F9E1-4B5C-92A3-5F41FBFF6C25}.Release|Any CPU.ActiveCfg = Release|Any CPU
		{203058D9-F9E1-4B5C-92A3-5F41FBFF6C25}.Release|Any CPU.Build.0 = Release|Any CPU
		{203058D9-F9E1-4B5C-92A3-5F41FBFF6C25}.Release|x64.ActiveCfg = Release|Any CPU
		{203058D9-F9E1-4B5C-92A3-5F41FBFF6C25}.Release|x64.Build.0 = Release|Any CPU
		{203058D9-F9E1-4B5C-92A3-5F41FBFF6C25}.Release|x86.ActiveCfg = Release|Any CPU
		{203058D9-F9E1-4B5C-92A3-5F41FBFF6C25}.Release|x86.Build.0 = Release|Any CPU
		{E373B500-B521-48A1-B98D-C73DC16E4FE1}.Debug|Any CPU.ActiveCfg = Debug|Any CPU
		{E373B500-B521-48A1-B98D-C73DC16E4FE1}.Debug|Any CPU.Build.0 = Debug|Any CPU
		{E373B500-B521-48A1-B98D-C73DC16E4FE1}.Debug|x64.ActiveCfg = Debug|Any CPU
		{E373B500-B521-48A1-B98D-C73DC16E4FE1}.Debug|x64.Build.0 = Debug|Any CPU
		{E373B500-B521-48A1-B98D-C73DC16E4FE1}.Debug|x86.ActiveCfg = Debug|Any CPU
		{E373B500-B521-48A1-B98D-C73DC16E4FE1}.Debug|x86.Build.0 = Debug|Any CPU
		{E373B500-B521-48A1-B98D-C73DC16E4FE1}.Release|Any CPU.ActiveCfg = Release|Any CPU
		{E373B500-B521-48A1-B98D-C73DC16E4FE1}.Release|Any CPU.Build.0 = Release|Any CPU
		{E373B500-B521-48A1-B98D-C73DC16E4FE1}.Release|x64.ActiveCfg = Release|Any CPU
		{E373B500-B521-48A1-B98D-C73DC16E4FE1}.Release|x64.Build.0 = Release|Any CPU
		{E373B500-B521-48A1-B98D-C73DC16E4FE1}.Release|x86.ActiveCfg = Release|Any CPU
		{E373B500-B521-48A1-B98D-C73DC16E4FE1}.Release|x86.Build.0 = Release|Any CPU
		{614FC5C9-50A5-4A93-A8E0-CEDF0E2549F5}.Debug|Any CPU.ActiveCfg = Debug|Any CPU
		{614FC5C9-50A5-4A93-A8E0-CEDF0E2549F5}.Debug|Any CPU.Build.0 = Debug|Any CPU
		{614FC5C9-50A5-4A93-A8E0-CEDF0E2549F5}.Debug|x64.ActiveCfg = Debug|Any CPU
		{614FC5C9-50A5-4A93-A8E0-CEDF0E2549F5}.Debug|x64.Build.0 = Debug|Any CPU
		{614FC5C9-50A5-4A93-A8E0-CEDF0E2549F5}.Debug|x86.ActiveCfg = Debug|Any CPU
		{614FC5C9-50A5-4A93-A8E0-CEDF0E2549F5}.Debug|x86.Build.0 = Debug|Any CPU
		{614FC5C9-50A5-4A93-A8E0-CEDF0E2549F5}.Release|Any CPU.ActiveCfg = Release|Any CPU
		{614FC5C9-50A5-4A93-A8E0-CEDF0E2549F5}.Release|Any CPU.Build.0 = Release|Any CPU
		{614FC5C9-50A5-4A93-A8E0-CEDF0E2549F5}.Release|x64.ActiveCfg = Release|Any CPU
		{614FC5C9-50A5-4A93-A8E0-CEDF0E2549F5}.Release|x64.Build.0 = Release|Any CPU
		{614FC5C9-50A5-4A93-A8E0-CEDF0E2549F5}.Release|x86.ActiveCfg = Release|Any CPU
		{614FC5C9-50A5-4A93-A8E0-CEDF0E2549F5}.Release|x86.Build.0 = Release|Any CPU
		{3D572A51-4614-4F9B-B534-66CFD7C75816}.Debug|Any CPU.ActiveCfg = Debug|Any CPU
		{3D572A51-4614-4F9B-B534-66CFD7C75816}.Debug|Any CPU.Build.0 = Debug|Any CPU
		{3D572A51-4614-4F9B-B534-66CFD7C75816}.Debug|x64.ActiveCfg = Debug|Any CPU
		{3D572A51-4614-4F9B-B534-66CFD7C75816}.Debug|x64.Build.0 = Debug|Any CPU
		{3D572A51-4614-4F9B-B534-66CFD7C75816}.Debug|x86.ActiveCfg = Debug|Any CPU
		{3D572A51-4614-4F9B-B534-66CFD7C75816}.Debug|x86.Build.0 = Debug|Any CPU
		{3D572A51-4614-4F9B-B534-66CFD7C75816}.Release|Any CPU.ActiveCfg = Release|Any CPU
		{3D572A51-4614-4F9B-B534-66CFD7C75816}.Release|Any CPU.Build.0 = Release|Any CPU
		{3D572A51-4614-4F9B-B534-66CFD7C75816}.Release|x64.ActiveCfg = Release|Any CPU
		{3D572A51-4614-4F9B-B534-66CFD7C75816}.Release|x64.Build.0 = Release|Any CPU
		{3D572A51-4614-4F9B-B534-66CFD7C75816}.Release|x86.ActiveCfg = Release|Any CPU
		{3D572A51-4614-4F9B-B534-66CFD7C75816}.Release|x86.Build.0 = Release|Any CPU
		{B70556B0-0225-46B6-9741-6D6D31863422}.Debug|Any CPU.ActiveCfg = Debug|Any CPU
		{B70556B0-0225-46B6-9741-6D6D31863422}.Debug|Any CPU.Build.0 = Debug|Any CPU
		{B70556B0-0225-46B6-9741-6D6D31863422}.Debug|x64.ActiveCfg = Debug|Any CPU
		{B70556B0-0225-46B6-9741-6D6D31863422}.Debug|x64.Build.0 = Debug|Any CPU
		{B70556B0-0225-46B6-9741-6D6D31863422}.Debug|x86.ActiveCfg = Debug|Any CPU
		{B70556B0-0225-46B6-9741-6D6D31863422}.Debug|x86.Build.0 = Debug|Any CPU
		{B70556B0-0225-46B6-9741-6D6D31863422}.Release|Any CPU.ActiveCfg = Release|Any CPU
		{B70556B0-0225-46B6-9741-6D6D31863422}.Release|Any CPU.Build.0 = Release|Any CPU
		{B70556B0-0225-46B6-9741-6D6D31863422}.Release|x64.ActiveCfg = Release|Any CPU
		{B70556B0-0225-46B6-9741-6D6D31863422}.Release|x64.Build.0 = Release|Any CPU
		{B70556B0-0225-46B6-9741-6D6D31863422}.Release|x86.ActiveCfg = Release|Any CPU
		{B70556B0-0225-46B6-9741-6D6D31863422}.Release|x86.Build.0 = Release|Any CPU
		{0818D5C8-8339-44BF-8A0F-746359F69C58}.Debug|Any CPU.ActiveCfg = Debug|Any CPU
		{0818D5C8-8339-44BF-8A0F-746359F69C58}.Debug|Any CPU.Build.0 = Debug|Any CPU
		{0818D5C8-8339-44BF-8A0F-746359F69C58}.Debug|x64.ActiveCfg = Debug|Any CPU
		{0818D5C8-8339-44BF-8A0F-746359F69C58}.Debug|x64.Build.0 = Debug|Any CPU
		{0818D5C8-8339-44BF-8A0F-746359F69C58}.Debug|x86.ActiveCfg = Debug|Any CPU
		{0818D5C8-8339-44BF-8A0F-746359F69C58}.Debug|x86.Build.0 = Debug|Any CPU
		{0818D5C8-8339-44BF-8A0F-746359F69C58}.Release|Any CPU.ActiveCfg = Release|Any CPU
		{0818D5C8-8339-44BF-8A0F-746359F69C58}.Release|Any CPU.Build.0 = Release|Any CPU
		{0818D5C8-8339-44BF-8A0F-746359F69C58}.Release|x64.ActiveCfg = Release|Any CPU
		{0818D5C8-8339-44BF-8A0F-746359F69C58}.Release|x64.Build.0 = Release|Any CPU
		{0818D5C8-8339-44BF-8A0F-746359F69C58}.Release|x86.ActiveCfg = Release|Any CPU
		{0818D5C8-8339-44BF-8A0F-746359F69C58}.Release|x86.Build.0 = Release|Any CPU
		{D15C8C05-6B14-47E5-8A74-2DE62E47719E}.Debug|Any CPU.ActiveCfg = Debug|Any CPU
		{D15C8C05-6B14-47E5-8A74-2DE62E47719E}.Debug|Any CPU.Build.0 = Debug|Any CPU
		{D15C8C05-6B14-47E5-8A74-2DE62E47719E}.Debug|x64.ActiveCfg = Debug|Any CPU
		{D15C8C05-6B14-47E5-8A74-2DE62E47719E}.Debug|x64.Build.0 = Debug|Any CPU
		{D15C8C05-6B14-47E5-8A74-2DE62E47719E}.Debug|x86.ActiveCfg = Debug|Any CPU
		{D15C8C05-6B14-47E5-8A74-2DE62E47719E}.Debug|x86.Build.0 = Debug|Any CPU
		{D15C8C05-6B14-47E5-8A74-2DE62E47719E}.Release|Any CPU.ActiveCfg = Release|Any CPU
		{D15C8C05-6B14-47E5-8A74-2DE62E47719E}.Release|Any CPU.Build.0 = Release|Any CPU
		{D15C8C05-6B14-47E5-8A74-2DE62E47719E}.Release|x64.ActiveCfg = Release|Any CPU
		{D15C8C05-6B14-47E5-8A74-2DE62E47719E}.Release|x64.Build.0 = Release|Any CPU
		{D15C8C05-6B14-47E5-8A74-2DE62E47719E}.Release|x86.ActiveCfg = Release|Any CPU
		{D15C8C05-6B14-47E5-8A74-2DE62E47719E}.Release|x86.Build.0 = Release|Any CPU
		{CC8E92CA-5481-4D2C-B72F-9449ADECE2E9}.Debug|Any CPU.ActiveCfg = Debug|Any CPU
		{CC8E92CA-5481-4D2C-B72F-9449ADECE2E9}.Debug|Any CPU.Build.0 = Debug|Any CPU
		{CC8E92CA-5481-4D2C-B72F-9449ADECE2E9}.Debug|x64.ActiveCfg = Debug|Any CPU
		{CC8E92CA-5481-4D2C-B72F-9449ADECE2E9}.Debug|x64.Build.0 = Debug|Any CPU
		{CC8E92CA-5481-4D2C-B72F-9449ADECE2E9}.Debug|x86.ActiveCfg = Debug|Any CPU
		{CC8E92CA-5481-4D2C-B72F-9449ADECE2E9}.Debug|x86.Build.0 = Debug|Any CPU
		{CC8E92CA-5481-4D2C-B72F-9449ADECE2E9}.Release|Any CPU.ActiveCfg = Release|Any CPU
		{CC8E92CA-5481-4D2C-B72F-9449ADECE2E9}.Release|Any CPU.Build.0 = Release|Any CPU
		{CC8E92CA-5481-4D2C-B72F-9449ADECE2E9}.Release|x64.ActiveCfg = Release|Any CPU
		{CC8E92CA-5481-4D2C-B72F-9449ADECE2E9}.Release|x64.Build.0 = Release|Any CPU
		{CC8E92CA-5481-4D2C-B72F-9449ADECE2E9}.Release|x86.ActiveCfg = Release|Any CPU
		{CC8E92CA-5481-4D2C-B72F-9449ADECE2E9}.Release|x86.Build.0 = Release|Any CPU
		{2488425F-25A6-4EA0-8F2E-FBF018C64692}.Debug|Any CPU.ActiveCfg = Debug|Any CPU
		{2488425F-25A6-4EA0-8F2E-FBF018C64692}.Debug|Any CPU.Build.0 = Debug|Any CPU
		{2488425F-25A6-4EA0-8F2E-FBF018C64692}.Debug|x64.ActiveCfg = Debug|Any CPU
		{2488425F-25A6-4EA0-8F2E-FBF018C64692}.Debug|x64.Build.0 = Debug|Any CPU
		{2488425F-25A6-4EA0-8F2E-FBF018C64692}.Debug|x86.ActiveCfg = Debug|Any CPU
		{2488425F-25A6-4EA0-8F2E-FBF018C64692}.Debug|x86.Build.0 = Debug|Any CPU
		{2488425F-25A6-4EA0-8F2E-FBF018C64692}.Release|Any CPU.ActiveCfg = Release|Any CPU
		{2488425F-25A6-4EA0-8F2E-FBF018C64692}.Release|Any CPU.Build.0 = Release|Any CPU
		{2488425F-25A6-4EA0-8F2E-FBF018C64692}.Release|x64.ActiveCfg = Release|Any CPU
		{2488425F-25A6-4EA0-8F2E-FBF018C64692}.Release|x64.Build.0 = Release|Any CPU
		{2488425F-25A6-4EA0-8F2E-FBF018C64692}.Release|x86.ActiveCfg = Release|Any CPU
		{2488425F-25A6-4EA0-8F2E-FBF018C64692}.Release|x86.Build.0 = Release|Any CPU
		{380C9699-4F5A-4B3B-8DC8-4CE327A0F714}.Debug|Any CPU.ActiveCfg = Debug|Any CPU
		{380C9699-4F5A-4B3B-8DC8-4CE327A0F714}.Debug|Any CPU.Build.0 = Debug|Any CPU
		{380C9699-4F5A-4B3B-8DC8-4CE327A0F714}.Debug|x64.ActiveCfg = Debug|Any CPU
		{380C9699-4F5A-4B3B-8DC8-4CE327A0F714}.Debug|x64.Build.0 = Debug|Any CPU
		{380C9699-4F5A-4B3B-8DC8-4CE327A0F714}.Debug|x86.ActiveCfg = Debug|Any CPU
		{380C9699-4F5A-4B3B-8DC8-4CE327A0F714}.Debug|x86.Build.0 = Debug|Any CPU
		{380C9699-4F5A-4B3B-8DC8-4CE327A0F714}.Release|Any CPU.ActiveCfg = Release|Any CPU
		{380C9699-4F5A-4B3B-8DC8-4CE327A0F714}.Release|Any CPU.Build.0 = Release|Any CPU
		{380C9699-4F5A-4B3B-8DC8-4CE327A0F714}.Release|x64.ActiveCfg = Release|Any CPU
		{380C9699-4F5A-4B3B-8DC8-4CE327A0F714}.Release|x64.Build.0 = Release|Any CPU
		{380C9699-4F5A-4B3B-8DC8-4CE327A0F714}.Release|x86.ActiveCfg = Release|Any CPU
		{380C9699-4F5A-4B3B-8DC8-4CE327A0F714}.Release|x86.Build.0 = Release|Any CPU
		{3588D48A-93E2-4346-B324-B95AC4B7860F}.Debug|Any CPU.ActiveCfg = Debug|Any CPU
		{3588D48A-93E2-4346-B324-B95AC4B7860F}.Debug|Any CPU.Build.0 = Debug|Any CPU
		{3588D48A-93E2-4346-B324-B95AC4B7860F}.Debug|x64.ActiveCfg = Debug|Any CPU
		{3588D48A-93E2-4346-B324-B95AC4B7860F}.Debug|x64.Build.0 = Debug|Any CPU
		{3588D48A-93E2-4346-B324-B95AC4B7860F}.Debug|x86.ActiveCfg = Debug|Any CPU
		{3588D48A-93E2-4346-B324-B95AC4B7860F}.Debug|x86.Build.0 = Debug|Any CPU
		{3588D48A-93E2-4346-B324-B95AC4B7860F}.Release|Any CPU.ActiveCfg = Release|Any CPU
		{3588D48A-93E2-4346-B324-B95AC4B7860F}.Release|Any CPU.Build.0 = Release|Any CPU
		{3588D48A-93E2-4346-B324-B95AC4B7860F}.Release|x64.ActiveCfg = Release|Any CPU
		{3588D48A-93E2-4346-B324-B95AC4B7860F}.Release|x64.Build.0 = Release|Any CPU
		{3588D48A-93E2-4346-B324-B95AC4B7860F}.Release|x86.ActiveCfg = Release|Any CPU
		{3588D48A-93E2-4346-B324-B95AC4B7860F}.Release|x86.Build.0 = Release|Any CPU
		{E598AC3B-50BC-412B-BE2C-7736AE8DE3AD}.Debug|Any CPU.ActiveCfg = Debug|Any CPU
		{E598AC3B-50BC-412B-BE2C-7736AE8DE3AD}.Debug|Any CPU.Build.0 = Debug|Any CPU
		{E598AC3B-50BC-412B-BE2C-7736AE8DE3AD}.Debug|x64.ActiveCfg = Debug|Any CPU
		{E598AC3B-50BC-412B-BE2C-7736AE8DE3AD}.Debug|x64.Build.0 = Debug|Any CPU
		{E598AC3B-50BC-412B-BE2C-7736AE8DE3AD}.Debug|x86.ActiveCfg = Debug|Any CPU
		{E598AC3B-50BC-412B-BE2C-7736AE8DE3AD}.Debug|x86.Build.0 = Debug|Any CPU
		{E598AC3B-50BC-412B-BE2C-7736AE8DE3AD}.Release|Any CPU.ActiveCfg = Release|Any CPU
		{E598AC3B-50BC-412B-BE2C-7736AE8DE3AD}.Release|Any CPU.Build.0 = Release|Any CPU
		{E598AC3B-50BC-412B-BE2C-7736AE8DE3AD}.Release|x64.ActiveCfg = Release|Any CPU
		{E598AC3B-50BC-412B-BE2C-7736AE8DE3AD}.Release|x64.Build.0 = Release|Any CPU
		{E598AC3B-50BC-412B-BE2C-7736AE8DE3AD}.Release|x86.ActiveCfg = Release|Any CPU
		{E598AC3B-50BC-412B-BE2C-7736AE8DE3AD}.Release|x86.Build.0 = Release|Any CPU
	EndGlobalSection
	GlobalSection(SolutionProperties) = preSolution
		HideSolutionNode = FALSE
	EndGlobalSection
	GlobalSection(NestedProjects) = preSolution
		{203058D9-F9E1-4B5C-92A3-5F41FBFF6C25} = {827E0CD3-B72D-47B6-A68D-7590B98EB39B}
		{E373B500-B521-48A1-B98D-C73DC16E4FE1} = {827E0CD3-B72D-47B6-A68D-7590B98EB39B}
		{614FC5C9-50A5-4A93-A8E0-CEDF0E2549F5} = {827E0CD3-B72D-47B6-A68D-7590B98EB39B}
		{3D572A51-4614-4F9B-B534-66CFD7C75816} = {827E0CD3-B72D-47B6-A68D-7590B98EB39B}
		{B70556B0-0225-46B6-9741-6D6D31863422} = {827E0CD3-B72D-47B6-A68D-7590B98EB39B}
		{0818D5C8-8339-44BF-8A0F-746359F69C58} = {827E0CD3-B72D-47B6-A68D-7590B98EB39B}
		{D15C8C05-6B14-47E5-8A74-2DE62E47719E} = {0AB3BF05-4346-4AA6-1389-037BE0695223}
		{CC8E92CA-5481-4D2C-B72F-9449ADECE2E9} = {B36A84DF-456D-A817-6EDD-3EC3E7F6E11F}
		{2488425F-25A6-4EA0-8F2E-FBF018C64692} = {B36A84DF-456D-A817-6EDD-3EC3E7F6E11F}
		{380C9699-4F5A-4B3B-8DC8-4CE327A0F714} = {B36A84DF-456D-A817-6EDD-3EC3E7F6E11F}
		{3588D48A-93E2-4346-B324-B95AC4B7860F} = {0AB3BF05-4346-4AA6-1389-037BE0695223}
		{E598AC3B-50BC-412B-BE2C-7736AE8DE3AD} = {0AB3BF05-4346-4AA6-1389-037BE0695223}
	EndGlobalSection
EndGlobal
